
Microsoft Visual Studio Solution File, Format Version 11.00
# Visual Studio 2010
Project("{FAE04EC0-301F-11D3-BF4B-00C04F79EFBC}") = "TestConsole", "TestConsole\TestConsole.csproj", "{DD23D9B0-4BBF-4607-B145-4CBE0F716EA6}"
EndProject
Global
	GlobalSection(SolutionConfigurationPlatforms) = preSolution
		Debug|Any CPU = Debug|Any CPU
		Release|Any CPU = Release|Any CPU
	EndGlobalSection
	GlobalSection(ProjectConfigurationPlatforms) = postSolution
		{DD23D9B0-4BBF-4607-B145-4CBE0F716EA6}.Debug|Any CPU.ActiveCfg = Debug|Any CPU
		{DD23D9B0-4BBF-4607-B145-4CBE0F716EA6}.Debug|Any CPU.Build.0 = Debug|Any CPU
		{DD23D9B0-4BBF-4607-B145-4CBE0F716EA6}.Release|Any CPU.ActiveCfg = Release|Any CPU
		{DD23D9B0-4BBF-4607-B145-4CBE0F716EA6}.Release|Any CPU.Build.0 = Release|Any CPU
	EndGlobalSection
	GlobalSection(SolutionProperties) = preSolution
		HideSolutionNode = FALSE
	EndGlobalSection
EndGlobal
